{
  "name": "party_planning_pandemonium",
  "version": "0.0.1",
  "lockfileVersion": 1,
  "requires": true,
  "dependencies": {
    "node-kmeans": {
      "version": "1.1.9",
      "resolved": "https://registry.npmjs.org/node-kmeans/-/node-kmeans-1.1.9.tgz",
      "integrity": "sha512-qZiuD4ab4cvsSWQSccWzLb4j1cHlm6wjGiWrbhCPZweVzpfcWBQ2CMqK4YBtJJ3OhK27NkZ1PKiLlZ52Z///cQ==",
      "requires": {
        "underscore": "^1.9.1"
      }
    },
    "underscore": {
      "version": "1.13.1",
      "resolved": "https://registry.npmjs.org/underscore/-/underscore-1.13.1.tgz",
      "integrity": "sha512-hzSoAVtJF+3ZtiFX0VgfFPHEDRm7Y/QPjGyNo4TVdnDTdft3tr8hEkD25a1jC+TjTuE7tkHGKkhwCgs9dgBB2g=="
    }
  }
}
